{
  "version": 4,
  "terraform_version": "1.3.7",
  "serial": 27,
  "lineage": "0244a17d-67e7-182a-337c-bee6929901c3",
  "outputs": {
    "jenkins_ip": {
      "value": "161.35.59.210",
      "type": "string"
    }
  },
  "resources": [
    {
      "mode": "data",
      "type": "digitalocean_ssh_key",
      "name": "ssh_key",
      "provider": "provider[\"registry.terraform.io/digitalocean/digitalocean\"]",
      "instances": [
        {
          "schema_version": 0,
          "attributes": {
            "fingerprint": "42:81:4d:f0:16:aa:bf:f4:06:7b:58:93:58:d0:01:2b",
            "id": 37356072,
            "name": "Jornada",
            "public_key": "ssh-rsa AAAAB3NzaC1yc2EAAAADAQABAAABAQDClneZDqMrxQG9nXVy7QMetgMBFl2cLIjp/LNSRvPixUpXX0xxcaJGOhB2F4vO3v5oux02AkaTF22j6cJyGZ8YHpJxHBLCHqgJxhsNZgYOFXqBgT2PGYYDd/aLqnXbLhw2VutCqWv+FQ5VaB3bWS8L7AJR6b/uyC2uRCPeNG87zBXyiek5fG91BCxwtRl1554ET8UEDnAWnIUar8JRINzJRIRTUHN4HXotPoisPYzz1Nf8F6Ck0eFPuOV7pN5xFqMJkeRmQEMgOWD3lPPqiGKSnTlC/v58ks92kNaNE13MlY1bxVF3aySprRdjR/eBAfTKeEXLIbUinElJfXUUS0rr mbra@MBRA-NOTE44"
          },
          "sensitive_attributes": []
        }
      ]
    },
    {
      "mode": "managed",
      "type": "digitalocean_droplet",
      "name": "jenkins10",
      "provider": "provider[\"registry.terraform.io/digitalocean/digitalocean\"]",
      "instances": [
        {
          "schema_version": 1,
          "attributes": {
            "backups": false,
            "created_at": "2023-01-26T00:10:06Z",
            "disk": 80,
            "droplet_agent": null,
            "graceful_shutdown": false,
            "id": "337541638",
            "image": "ubuntu-22-10-x64",
            "ipv4_address": "161.35.59.210",
            "ipv4_address_private": "10.116.0.3",
            "ipv6": false,
            "ipv6_address": "",
            "locked": false,
            "memory": 4096,
            "monitoring": false,
            "name": "jenkins-e-10",
            "price_hourly": 0.03571,
            "price_monthly": 24,
            "private_networking": true,
            "region": "nyc1",
            "resize_disk": true,
            "size": "s-2vcpu-4gb",
            "ssh_keys": [
              "37356072"
            ],
            "status": "active",
            "tags": [],
            "timeouts": null,
            "urn": "do:droplet:337541638",
            "user_data": null,
            "vcpus": 2,
            "volume_ids": [],
            "vpc_uuid": "3d1fb6a5-4048-496a-954d-626bb8448519"
          },
          "sensitive_attributes": [],
          "private": "eyJlMmJmYjczMC1lY2FhLTExZTYtOGY4OC0zNDM2M2JjN2M0YzAiOnsiY3JlYXRlIjozNjAwMDAwMDAwMDAwLCJkZWxldGUiOjYwMDAwMDAwMDAwLCJ1cGRhdGUiOjM2MDAwMDAwMDAwMDB9LCJzY2hlbWFfdmVyc2lvbiI6IjEifQ==",
          "dependencies": [
            "data.digitalocean_ssh_key.ssh_key"
          ]
        }
      ]
    }
  ],
  "check_results": null
}
